# THIS IS AN AUTOGENERATED FILE. DO NOT EDIT THIS FILE DIRECTLY.
# yarn lockfile v1


"@sinclair/typebox@^0.16.7":
  version "0.16.7"
  resolved "https://registry.yarnpkg.com/@sinclair/typebox/-/typebox-0.16.7.tgz#3187369b2ff237f57477ef155be4c992e592fa7c"
  integrity sha512-d12AkLZJXD30hXBhJSgf33RqGO0NMHIDzsQPYfp6WGoaSuMnSGIUanII2OUbeZFnD/j3Nbl2zifgO2+5tPClCQ==
